Microsoft Visual Studio Solution File, Format Version 12.00
# Visual Studio Version 16
VisualStudioVersion = 16.0.0.0
MinimumVisualStudioVersion = 16.0.0.0
Project("{9A19103F-16F7-4668-BE54-9A1E7A4F7556}") = "BlazorAuthorizationDotNet8", "BlazorAuthorizationDotNet8\BlazorAuthorizationDotNet8.csproj", "{4F045207-E446-42CB-B342-5D3B009140F6}"
EndProject
Project("{9A19103F-16F7-4668-BE54-9A1E7A4F7556}") = "BlazorAuthorizationDotNet8.Client", "BlazorAuthorizationDotNet8.Client\BlazorAuthorizationDotNet8.Client.csproj", "{B60D5993-C6E6-41B4-8829-FDFA82B2B264}"
EndProject
Project("{FAE04EC0-301F-11D3-BF4B-00C04F79EFBC}") = "BlazorAuthorizationDotNet8.ServerComponentTests", "BlazorAuthorizationDotNet8.ServerComponentTests\BlazorAuthorizationDotNet8.ServerComponentTests.csproj", "{067A948F-0EBE-4CB3-8BD5-407D0F675701}"
EndProject
Project("{FAE04EC0-301F-11D3-BF4B-00C04F79EFBC}") = "BlazorAuthorizationDotNet8.ClientComponentTests", "BlazorAuthorizationDotNet8.ClientComponentTests\BlazorAuthorizationDotNet8.ClientComponentTests.csproj", "{AA704C62-8EA1-4C2D-95E7-EE66563A8CD4}"
EndProject
Project("{FAE04EC0-301F-11D3-BF4B-00C04F79EFBC}") = "BlazorAuthorizationDotNet8.BusinessLogic", "BlazorAuthorizationDotNet8.BusinessLogic\BlazorAuthorizationDotNet8.BusinessLogic.csproj", "{FBA7D431-8DE7-4630-83DA-B8ECCF7DAFA4}"
EndProject
Project("{FAE04EC0-301F-11D3-BF4B-00C04F79EFBC}") = "BlazorAuthorizationDotNet8.UnitTests", "BlazorAuthorizationDotNet8.UnitTests\BlazorAuthorizationDotNet8.UnitTests.csproj", "{A77F4DEA-35BA-4DE3-92DC-951AAFFB215A}"
EndProject
Project("{FAE04EC0-301F-11D3-BF4B-00C04F79EFBC}") = "BlazorAuthorizationDotNet8.ConsoleProject", "BlazorAuthorizationDotNet8.ConsoleProject\BlazorAuthorizationDotNet8.ConsoleProject.csproj", "{C6C19C36-E764-4C17-92B9-2E5DE4074AB9}"
EndProject
Global
	GlobalSection(SolutionConfigurationPlatforms) = preSolution
		Debug|Any CPU = Debug|Any CPU
		Debug|x64 = Debug|x64
		Debug|x86 = Debug|x86
		Release|Any CPU = Release|Any CPU
		Release|x64 = Release|x64
		Release|x86 = Release|x86
	EndGlobalSection
	GlobalSection(ProjectConfigurationPlatforms) = postSolution
		{B60D5993-C6E6-41B4-8829-FDFA82B2B264}.Debug|Any CPU.ActiveCfg = Debug|Any CPU
		{B60D5993-C6E6-41B4-8829-FDFA82B2B264}.Debug|Any CPU.Build.0 = Debug|Any CPU
		{B60D5993-C6E6-41B4-8829-FDFA82B2B264}.Debug|x64.ActiveCfg = Debug|Any CPU
		{B60D5993-C6E6-41B4-8829-FDFA82B2B264}.Debug|x64.Build.0 = Debug|Any CPU
		{B60D5993-C6E6-41B4-8829-FDFA82B2B264}.Debug|x86.ActiveCfg = Debug|Any CPU
		{B60D5993-C6E6-41B4-8829-FDFA82B2B264}.Debug|x86.Build.0 = Debug|Any CPU
		{B60D5993-C6E6-41B4-8829-FDFA82B2B264}.Release|Any CPU.ActiveCfg = Release|Any CPU
		{B60D5993-C6E6-41B4-8829-FDFA82B2B264}.Release|Any CPU.Build.0 = Release|Any CPU
		{B60D5993-C6E6-41B4-8829-FDFA82B2B264}.Release|x64.ActiveCfg = Release|Any CPU
		{B60D5993-C6E6-41B4-8829-FDFA82B2B264}.Release|x64.Build.0 = Release|Any CPU
		{B60D5993-C6E6-41B4-8829-FDFA82B2B264}.Release|x86.ActiveCfg = Release|Any CPU
		{B60D5993-C6E6-41B4-8829-FDFA82B2B264}.Release|x86.Build.0 = Release|Any CPU
		{4F045207-E446-42CB-B342-5D3B009140F6}.Debug|Any CPU.ActiveCfg = Debug|Any CPU
		{4F045207-E446-42CB-B342-5D3B009140F6}.Debug|Any CPU.Build.0 = Debug|Any CPU
		{4F045207-E446-42CB-B342-5D3B009140F6}.Debug|x64.ActiveCfg = Debug|Any CPU
		{4F045207-E446-42CB-B342-5D3B009140F6}.Debug|x64.Build.0 = Debug|Any CPU
		{4F045207-E446-42CB-B342-5D3B009140F6}.Debug|x86.ActiveCfg = Debug|Any CPU
		{4F045207-E446-42CB-B342-5D3B009140F6}.Debug|x86.Build.0 = Debug|Any CPU
		{4F045207-E446-42CB-B342-5D3B009140F6}.Release|Any CPU.ActiveCfg = Release|Any CPU
		{4F045207-E446-42CB-B342-5D3B009140F6}.Release|Any CPU.Build.0 = Release|Any CPU
		{4F045207-E446-42CB-B342-5D3B009140F6}.Release|x64.ActiveCfg = Release|Any CPU
		{4F045207-E446-42CB-B342-5D3B009140F6}.Release|x64.Build.0 = Release|Any CPU
		{4F045207-E446-42CB-B342-5D3B009140F6}.Release|x86.ActiveCfg = Release|Any CPU
		{4F045207-E446-42CB-B342-5D3B009140F6}.Release|x86.Build.0 = Release|Any CPU
		{067A948F-0EBE-4CB3-8BD5-407D0F675701}.Debug|Any CPU.ActiveCfg = Debug|Any CPU
		{067A948F-0EBE-4CB3-8BD5-407D0F675701}.Debug|Any CPU.Build.0 = Debug|Any CPU
		{067A948F-0EBE-4CB3-8BD5-407D0F675701}.Debug|x64.ActiveCfg = Debug|Any CPU
		{067A948F-0EBE-4CB3-8BD5-407D0F675701}.Debug|x64.Build.0 = Debug|Any CPU
		{067A948F-0EBE-4CB3-8BD5-407D0F675701}.Debug|x86.ActiveCfg = Debug|Any CPU
		{067A948F-0EBE-4CB3-8BD5-407D0F675701}.Debug|x86.Build.0 = Debug|Any CPU
		{067A948F-0EBE-4CB3-8BD5-407D0F675701}.Release|Any CPU.ActiveCfg = Release|Any CPU
		{067A948F-0EBE-4CB3-8BD5-407D0F675701}.Release|Any CPU.Build.0 = Release|Any CPU
		{067A948F-0EBE-4CB3-8BD5-407D0F675701}.Release|x64.ActiveCfg = Release|Any CPU
		{067A948F-0EBE-4CB3-8BD5-407D0F675701}.Release|x64.Build.0 = Release|Any CPU
		{067A948F-0EBE-4CB3-8BD5-407D0F675701}.Release|x86.ActiveCfg = Release|Any CPU
		{067A948F-0EBE-4CB3-8BD5-407D0F675701}.Release|x86.Build.0 = Release|Any CPU
		{AA704C62-8EA1-4C2D-95E7-EE66563A8CD4}.Debug|Any CPU.ActiveCfg = Debug|Any CPU
		{AA704C62-8EA1-4C2D-95E7-EE66563A8CD4}.Debug|Any CPU.Build.0 = Debug|Any CPU
		{AA704C62-8EA1-4C2D-95E7-EE66563A8CD4}.Debug|x64.ActiveCfg = Debug|Any CPU
		{AA704C62-8EA1-4C2D-95E7-EE66563A8CD4}.Debug|x64.Build.0 = Debug|Any CPU
		{AA704C62-8EA1-4C2D-95E7-EE66563A8CD4}.Debug|x86.ActiveCfg = Debug|Any CPU
		{AA704C62-8EA1-4C2D-95E7-EE66563A8CD4}.Debug|x86.Build.0 = Debug|Any CPU
		{AA704C62-8EA1-4C2D-95E7-EE66563A8CD4}.Release|Any CPU.ActiveCfg = Release|Any CPU
		{AA704C62-8EA1-4C2D-95E7-EE66563A8CD4}.Release|Any CPU.Build.0 = Release|Any CPU
		{AA704C62-8EA1-4C2D-95E7-EE66563A8CD4}.Release|x64.ActiveCfg = Release|Any CPU
		{AA704C62-8EA1-4C2D-95E7-EE66563A8CD4}.Release|x64.Build.0 = Release|Any CPU
		{AA704C62-8EA1-4C2D-95E7-EE66563A8CD4}.Release|x86.ActiveCfg = Release|Any CPU
		{AA704C62-8EA1-4C2D-95E7-EE66563A8CD4}.Release|x86.Build.0 = Release|Any CPU
		{FBA7D431-8DE7-4630-83DA-B8ECCF7DAFA4}.Debug|Any CPU.ActiveCfg = Debug|Any CPU
		{FBA7D431-8DE7-4630-83DA-B8ECCF7DAFA4}.Debug|Any CPU.Build.0 = Debug|Any CPU
		{FBA7D431-8DE7-4630-83DA-B8ECCF7DAFA4}.Debug|x64.ActiveCfg = Debug|Any CPU
		{FBA7D431-8DE7-4630-83DA-B8ECCF7DAFA4}.Debug|x64.Build.0 = Debug|Any CPU
		{FBA7D431-8DE7-4630-83DA-B8ECCF7DAFA4}.Debug|x86.ActiveCfg = Debug|Any CPU
		{FBA7D431-8DE7-4630-83DA-B8ECCF7DAFA4}.Debug|x86.Build.0 = Debug|Any CPU
		{FBA7D431-8DE7-4630-83DA-B8ECCF7DAFA4}.Release|Any CPU.ActiveCfg = Release|Any CPU
		{FBA7D431-8DE7-4630-83DA-B8ECCF7DAFA4}.Release|Any CPU.Build.0 = Release|Any CPU
		{FBA7D431-8DE7-4630-83DA-B8ECCF7DAFA4}.Release|x64.ActiveCfg = Release|Any CPU
		{FBA7D431-8DE7-4630-83DA-B8ECCF7DAFA4}.Release|x64.Build.0 = Release|Any CPU
		{FBA7D431-8DE7-4630-83DA-B8ECCF7DAFA4}.Release|x86.ActiveCfg = Release|Any CPU
		{FBA7D431-8DE7-4630-83DA-B8ECCF7DAFA4}.Release|x86.Build.0 = Release|Any CPU
		{A77F4DEA-35BA-4DE3-92DC-951AAFFB215A}.Debug|Any CPU.ActiveCfg = Debug|Any CPU
		{A77F4DEA-35BA-4DE3-92DC-951AAFFB215A}.Debug|Any CPU.Build.0 = Debug|Any CPU
		{A77F4DEA-35BA-4DE3-92DC-951AAFFB215A}.Debug|x64.ActiveCfg = Debug|Any CPU
		{A77F4DEA-35BA-4DE3-92DC-951AAFFB215A}.Debug|x64.Build.0 = Debug|Any CPU
		{A77F4DEA-35BA-4DE3-92DC-951AAFFB215A}.Debug|x86.ActiveCfg = Debug|Any CPU
		{A77F4DEA-35BA-4DE3-92DC-951AAFFB215A}.Debug|x86.Build.0 = Debug|Any CPU
		{A77F4DEA-35BA-4DE3-92DC-951AAFFB215A}.Release|Any CPU.ActiveCfg = Release|Any CPU
		{A77F4DEA-35BA-4DE3-92DC-951AAFFB215A}.Release|Any CPU.Build.0 = Release|Any CPU
		{A77F4DEA-35BA-4DE3-92DC-951AAFFB215A}.Release|x64.ActiveCfg = Release|Any CPU
		{A77F4DEA-35BA-4DE3-92DC-951AAFFB215A}.Release|x64.Build.0 = Release|Any CPU
		{A77F4DEA-35BA-4DE3-92DC-951AAFFB215A}.Release|x86.ActiveCfg = Release|Any CPU
		{A77F4DEA-35BA-4DE3-92DC-951AAFFB215A}.Release|x86.Build.0 = Release|Any CPU
		{C6C19C36-E764-4C17-92B9-2E5DE4074AB9}.Debug|Any CPU.ActiveCfg = Debug|Any CPU
		{C6C19C36-E764-4C17-92B9-2E5DE4074AB9}.Debug|Any CPU.Build.0 = Debug|Any CPU
		{C6C19C36-E764-4C17-92B9-2E5DE4074AB9}.Debug|x64.ActiveCfg = Debug|Any CPU
		{C6C19C36-E764-4C17-92B9-2E5DE4074AB9}.Debug|x64.Build.0 = Debug|Any CPU
		{C6C19C36-E764-4C17-92B9-2E5DE4074AB9}.Debug|x86.ActiveCfg = Debug|Any CPU
		{C6C19C36-E764-4C17-92B9-2E5DE4074AB9}.Debug|x86.Build.0 = Debug|Any CPU
		{C6C19C36-E764-4C17-92B9-2E5DE4074AB9}.Release|Any CPU.ActiveCfg = Release|Any CPU
		{C6C19C36-E764-4C17-92B9-2E5DE4074AB9}.Release|Any CPU.Build.0 = Release|Any CPU
		{C6C19C36-E764-4C17-92B9-2E5DE4074AB9}.Release|x64.ActiveCfg = Release|Any CPU
		{C6C19C36-E764-4C17-92B9-2E5DE4074AB9}.Release|x64.Build.0 = Release|Any CPU
		{C6C19C36-E764-4C17-92B9-2E5DE4074AB9}.Release|x86.ActiveCfg = Release|Any CPU
		{C6C19C36-E764-4C17-92B9-2E5DE4074AB9}.Release|x86.Build.0 = Release|Any CPU
	EndGlobalSection
	GlobalSection(SolutionProperties) = preSolution
		HideSolutionNode = FALSE
	EndGlobalSection
	GlobalSection(ExtensibilityGlobals) = postSolution
		SolutionGuid = {5F54DFFB-8D6A-4EB4-B553-570133B3A2AE}
	EndGlobalSection
EndGlobal
